
Microsoft Visual Studio Solution File, Format Version 12.00
# Visual Studio Version 16
VisualStudioVersion = 16.0.29102.190
MinimumVisualStudioVersion = 15.0.26124.0
Project("{9A19103F-16F7-4668-BE54-9A1E7A4F7556}") = "Demo.Edge.Admin", "Demo.Edge.Admin\Demo.Edge.Admin.csproj", "{F4C9C52F-5DEE-4DE8-98A1-E601738F92F0}"
EndProject
Project("{9A19103F-16F7-4668-BE54-9A1E7A4F7556}") = "Demo.Edge.Admin.Tests", "Demo.Edge.Admin.Tests\Demo.Edge.Admin.Tests.csproj", "{5CE9F427-E7DF-42F0-8C7E-D4B72A9624ED}"
EndProject
Project("{9A19103F-16F7-4668-BE54-9A1E7A4F7556}") = "Demo.Edge.App", "Demo.Edge.App\Demo.Edge.App.csproj", "{8A8306E2-93D0-4D11-A350-0F5A79F04440}"
EndProject
Project("{9A19103F-16F7-4668-BE54-9A1E7A4F7556}") = "Demo.Edge.App.Tests", "Demo.Edge.App.Tests\Demo.Edge.App.Tests.csproj", "{84339BE5-E900-4BC1-9508-6A7FFC51F373}"
EndProject
Project("{9A19103F-16F7-4668-BE54-9A1E7A4F7556}") = "Demo.Edge.Signup", "Demo.Edge.Signup\Demo.Edge.Signup.csproj", "{5A89AA16-9DB6-41CE-A3ED-37DE9D49B8F9}"
EndProject
Project("{9A19103F-16F7-4668-BE54-9A1E7A4F7556}") = "Demo.Edge.Signup.Tests", "Demo.Edge.Signup.Tests\Demo.Edge.Signup.Tests.csproj", "{C1B59C1A-DA97-47AF-8E8B-EF645BA561AF}"
EndProject
Project("{9A19103F-16F7-4668-BE54-9A1E7A4F7556}") = "Demo.Service.Profiles", "Demo.Service.Profiles\Demo.Service.Profiles.csproj", "{64AE2488-2E80-4066-85BF-90995F9BB54A}"
EndProject
Project("{9A19103F-16F7-4668-BE54-9A1E7A4F7556}") = "Demo.Service.Profiles.Tests", "Demo.Service.Profiles.Tests\Demo.Service.Profiles.Tests.csproj", "{BC81CB84-D44D-4F38-B3E6-8AEB73426CD0}"
EndProject
Project("{9A19103F-16F7-4668-BE54-9A1E7A4F7556}") = "Demo.Service.Tenants", "Demo.Service.Tenants\Demo.Service.Tenants.csproj", "{E50C7AB1-6AC7-47DC-9672-033E55F1C239}"
EndProject
Project("{9A19103F-16F7-4668-BE54-9A1E7A4F7556}") = "Demo.Service.Tenants.Tests", "Demo.Service.Tenants.Tests\Demo.Service.Tenants.Tests.csproj", "{4A2B4EC2-4A97-402A-B2C3-446FC12F3D59}"
EndProject
Project("{9A19103F-16F7-4668-BE54-9A1E7A4F7556}") = "Demo.Service.Widgets", "Demo.Service.Widgets\Demo.Service.Widgets.csproj", "{4A61209E-1FB1-4DAE-9B17-1D75F86721DD}"
EndProject
Project("{9A19103F-16F7-4668-BE54-9A1E7A4F7556}") = "Demo.Service.Widgets.Tests", "Demo.Service.Widgets.Tests\Demo.Service.Widgets.Tests.csproj", "{3631B793-B03F-4ED3-8AFD-A393FFDAD646}"
EndProject
Project("{9A19103F-16F7-4668-BE54-9A1E7A4F7556}") = "Demo.Tests", "Demo.Tests\Demo.Tests.csproj", "{C77C82D6-A1CE-4116-9B6F-BDE473925F75}"
EndProject
Project("{2150E333-8FDC-42A3-9474-1A3956D46DE8}") = "Edge", "Edge", "{0778CAF6-BFF1-423A-ADCB-A4FB057DA324}"
EndProject
Project("{2150E333-8FDC-42A3-9474-1A3956D46DE8}") = "Services", "Services", "{78BF17F2-DD7D-44EA-9D17-99F610033715}"
EndProject
Project("{2150E333-8FDC-42A3-9474-1A3956D46DE8}") = "Tests", "Tests", "{813B0279-5436-4D7C-A92A-CE72AF9649B2}"
EndProject
Global
	GlobalSection(SolutionConfigurationPlatforms) = preSolution
		Debug|Any CPU = Debug|Any CPU
		Debug|x64 = Debug|x64
		Debug|x86 = Debug|x86
		Release|Any CPU = Release|Any CPU
		Release|x64 = Release|x64
		Release|x86 = Release|x86
	EndGlobalSection
	GlobalSection(ProjectConfigurationPlatforms) = postSolution
		{F4C9C52F-5DEE-4DE8-98A1-E601738F92F0}.Debug|Any CPU.ActiveCfg = Debug|Any CPU
		{F4C9C52F-5DEE-4DE8-98A1-E601738F92F0}.Debug|Any CPU.Build.0 = Debug|Any CPU
		{F4C9C52F-5DEE-4DE8-98A1-E601738F92F0}.Debug|x64.ActiveCfg = Debug|Any CPU
		{F4C9C52F-5DEE-4DE8-98A1-E601738F92F0}.Debug|x64.Build.0 = Debug|Any CPU
		{F4C9C52F-5DEE-4DE8-98A1-E601738F92F0}.Debug|x86.ActiveCfg = Debug|Any CPU
		{F4C9C52F-5DEE-4DE8-98A1-E601738F92F0}.Debug|x86.Build.0 = Debug|Any CPU
		{F4C9C52F-5DEE-4DE8-98A1-E601738F92F0}.Release|Any CPU.ActiveCfg = Release|Any CPU
		{F4C9C52F-5DEE-4DE8-98A1-E601738F92F0}.Release|Any CPU.Build.0 = Release|Any CPU
		{F4C9C52F-5DEE-4DE8-98A1-E601738F92F0}.Release|x64.ActiveCfg = Release|Any CPU
		{F4C9C52F-5DEE-4DE8-98A1-E601738F92F0}.Release|x64.Build.0 = Release|Any CPU
		{F4C9C52F-5DEE-4DE8-98A1-E601738F92F0}.Release|x86.ActiveCfg = Release|Any CPU
		{F4C9C52F-5DEE-4DE8-98A1-E601738F92F0}.Release|x86.Build.0 = Release|Any CPU
		{5CE9F427-E7DF-42F0-8C7E-D4B72A9624ED}.Debug|Any CPU.ActiveCfg = Debug|Any CPU
		{5CE9F427-E7DF-42F0-8C7E-D4B72A9624ED}.Debug|Any CPU.Build.0 = Debug|Any CPU
		{5CE9F427-E7DF-42F0-8C7E-D4B72A9624ED}.Debug|x64.ActiveCfg = Debug|Any CPU
		{5CE9F427-E7DF-42F0-8C7E-D4B72A9624ED}.Debug|x64.Build.0 = Debug|Any CPU
		{5CE9F427-E7DF-42F0-8C7E-D4B72A9624ED}.Debug|x86.ActiveCfg = Debug|Any CPU
		{5CE9F427-E7DF-42F0-8C7E-D4B72A9624ED}.Debug|x86.Build.0 = Debug|Any CPU
		{5CE9F427-E7DF-42F0-8C7E-D4B72A9624ED}.Release|Any CPU.ActiveCfg = Release|Any CPU
		{5CE9F427-E7DF-42F0-8C7E-D4B72A9624ED}.Release|Any CPU.Build.0 = Release|Any CPU
		{5CE9F427-E7DF-42F0-8C7E-D4B72A9624ED}.Release|x64.ActiveCfg = Release|Any CPU
		{5CE9F427-E7DF-42F0-8C7E-D4B72A9624ED}.Release|x64.Build.0 = Release|Any CPU
		{5CE9F427-E7DF-42F0-8C7E-D4B72A9624ED}.Release|x86.ActiveCfg = Release|Any CPU
		{5CE9F427-E7DF-42F0-8C7E-D4B72A9624ED}.Release|x86.Build.0 = Release|Any CPU
		{8A8306E2-93D0-4D11-A350-0F5A79F04440}.Debug|Any CPU.ActiveCfg = Debug|Any CPU
		{8A8306E2-93D0-4D11-A350-0F5A79F04440}.Debug|Any CPU.Build.0 = Debug|Any CPU
		{8A8306E2-93D0-4D11-A350-0F5A79F04440}.Debug|x64.ActiveCfg = Debug|Any CPU
		{8A8306E2-93D0-4D11-A350-0F5A79F04440}.Debug|x64.Build.0 = Debug|Any CPU
		{8A8306E2-93D0-4D11-A350-0F5A79F04440}.Debug|x86.ActiveCfg = Debug|Any CPU
		{8A8306E2-93D0-4D11-A350-0F5A79F04440}.Debug|x86.Build.0 = Debug|Any CPU
		{8A8306E2-93D0-4D11-A350-0F5A79F04440}.Release|Any CPU.ActiveCfg = Release|Any CPU
		{8A8306E2-93D0-4D11-A350-0F5A79F04440}.Release|Any CPU.Build.0 = Release|Any CPU
		{8A8306E2-93D0-4D11-A350-0F5A79F04440}.Release|x64.ActiveCfg = Release|Any CPU
		{8A8306E2-93D0-4D11-A350-0F5A79F04440}.Release|x64.Build.0 = Release|Any CPU
		{8A8306E2-93D0-4D11-A350-0F5A79F04440}.Release|x86.ActiveCfg = Release|Any CPU
		{8A8306E2-93D0-4D11-A350-0F5A79F04440}.Release|x86.Build.0 = Release|Any CPU
		{84339BE5-E900-4BC1-9508-6A7FFC51F373}.Debug|Any CPU.ActiveCfg = Debug|Any CPU
		{84339BE5-E900-4BC1-9508-6A7FFC51F373}.Debug|Any CPU.Build.0 = Debug|Any CPU
		{84339BE5-E900-4BC1-9508-6A7FFC51F373}.Debug|x64.ActiveCfg = Debug|Any CPU
		{84339BE5-E900-4BC1-9508-6A7FFC51F373}.Debug|x64.Build.0 = Debug|Any CPU
		{84339BE5-E900-4BC1-9508-6A7FFC51F373}.Debug|x86.ActiveCfg = Debug|Any CPU
		{84339BE5-E900-4BC1-9508-6A7FFC51F373}.Debug|x86.Build.0 = Debug|Any CPU
		{84339BE5-E900-4BC1-9508-6A7FFC51F373}.Release|Any CPU.ActiveCfg = Release|Any CPU
		{84339BE5-E900-4BC1-9508-6A7FFC51F373}.Release|Any CPU.Build.0 = Release|Any CPU
		{84339BE5-E900-4BC1-9508-6A7FFC51F373}.Release|x64.ActiveCfg = Release|Any CPU
		{84339BE5-E900-4BC1-9508-6A7FFC51F373}.Release|x64.Build.0 = Release|Any CPU
		{84339BE5-E900-4BC1-9508-6A7FFC51F373}.Release|x86.ActiveCfg = Release|Any CPU
		{84339BE5-E900-4BC1-9508-6A7FFC51F373}.Release|x86.Build.0 = Release|Any CPU
		{5A89AA16-9DB6-41CE-A3ED-37DE9D49B8F9}.Debug|Any CPU.ActiveCfg = Debug|Any CPU
		{5A89AA16-9DB6-41CE-A3ED-37DE9D49B8F9}.Debug|Any CPU.Build.0 = Debug|Any CPU
		{5A89AA16-9DB6-41CE-A3ED-37DE9D49B8F9}.Debug|x64.ActiveCfg = Debug|Any CPU
		{5A89AA16-9DB6-41CE-A3ED-37DE9D49B8F9}.Debug|x64.Build.0 = Debug|Any CPU
		{5A89AA16-9DB6-41CE-A3ED-37DE9D49B8F9}.Debug|x86.ActiveCfg = Debug|Any CPU
		{5A89AA16-9DB6-41CE-A3ED-37DE9D49B8F9}.Debug|x86.Build.0 = Debug|Any CPU
		{5A89AA16-9DB6-41CE-A3ED-37DE9D49B8F9}.Release|Any CPU.ActiveCfg = Release|Any CPU
		{5A89AA16-9DB6-41CE-A3ED-37DE9D49B8F9}.Release|Any CPU.Build.0 = Release|Any CPU
		{5A89AA16-9DB6-41CE-A3ED-37DE9D49B8F9}.Release|x64.ActiveCfg = Release|Any CPU
		{5A89AA16-9DB6-41CE-A3ED-37DE9D49B8F9}.Release|x64.Build.0 = Release|Any CPU
		{5A89AA16-9DB6-41CE-A3ED-37DE9D49B8F9}.Release|x86.ActiveCfg = Release|Any CPU
		{5A89AA16-9DB6-41CE-A3ED-37DE9D49B8F9}.Release|x86.Build.0 = Release|Any CPU
		{C1B59C1A-DA97-47AF-8E8B-EF645BA561AF}.Debug|Any CPU.ActiveCfg = Debug|Any CPU
		{C1B59C1A-DA97-47AF-8E8B-EF645BA561AF}.Debug|Any CPU.Build.0 = Debug|Any CPU
		{C1B59C1A-DA97-47AF-8E8B-EF645BA561AF}.Debug|x64.ActiveCfg = Debug|Any CPU
		{C1B59C1A-DA97-47AF-8E8B-EF645BA561AF}.Debug|x64.Build.0 = Debug|Any CPU
		{C1B59C1A-DA97-47AF-8E8B-EF645BA561AF}.Debug|x86.ActiveCfg = Debug|Any CPU
		{C1B59C1A-DA97-47AF-8E8B-EF645BA561AF}.Debug|x86.Build.0 = Debug|Any CPU
		{C1B59C1A-DA97-47AF-8E8B-EF645BA561AF}.Release|Any CPU.ActiveCfg = Release|Any CPU
		{C1B59C1A-DA97-47AF-8E8B-EF645BA561AF}.Release|Any CPU.Build.0 = Release|Any CPU
		{C1B59C1A-DA97-47AF-8E8B-EF645BA561AF}.Release|x64.ActiveCfg = Release|Any CPU
		{C1B59C1A-DA97-47AF-8E8B-EF645BA561AF}.Release|x64.Build.0 = Release|Any CPU
		{C1B59C1A-DA97-47AF-8E8B-EF645BA561AF}.Release|x86.ActiveCfg = Release|Any CPU
		{C1B59C1A-DA97-47AF-8E8B-EF645BA561AF}.Release|x86.Build.0 = Release|Any CPU
		{64AE2488-2E80-4066-85BF-90995F9BB54A}.Debug|Any CPU.ActiveCfg = Debug|Any CPU
		{64AE2488-2E80-4066-85BF-90995F9BB54A}.Debug|Any CPU.Build.0 = Debug|Any CPU
		{64AE2488-2E80-4066-85BF-90995F9BB54A}.Debug|x64.ActiveCfg = Debug|Any CPU
		{64AE2488-2E80-4066-85BF-90995F9BB54A}.Debug|x64.Build.0 = Debug|Any CPU
		{64AE2488-2E80-4066-85BF-90995F9BB54A}.Debug|x86.ActiveCfg = Debug|Any CPU
		{64AE2488-2E80-4066-85BF-90995F9BB54A}.Debug|x86.Build.0 = Debug|Any CPU
		{64AE2488-2E80-4066-85BF-90995F9BB54A}.Release|Any CPU.ActiveCfg = Release|Any CPU
		{64AE2488-2E80-4066-85BF-90995F9BB54A}.Release|Any CPU.Build.0 = Release|Any CPU
		{64AE2488-2E80-4066-85BF-90995F9BB54A}.Release|x64.ActiveCfg = Release|Any CPU
		{64AE2488-2E80-4066-85BF-90995F9BB54A}.Release|x64.Build.0 = Release|Any CPU
		{64AE2488-2E80-4066-85BF-90995F9BB54A}.Release|x86.ActiveCfg = Release|Any CPU
		{64AE2488-2E80-4066-85BF-90995F9BB54A}.Release|x86.Build.0 = Release|Any CPU
		{BC81CB84-D44D-4F38-B3E6-8AEB73426CD0}.Debug|Any CPU.ActiveCfg = Debug|Any CPU
		{BC81CB84-D44D-4F38-B3E6-8AEB73426CD0}.Debug|Any CPU.Build.0 = Debug|Any CPU
		{BC81CB84-D44D-4F38-B3E6-8AEB73426CD0}.Debug|x64.ActiveCfg = Debug|Any CPU
		{BC81CB84-D44D-4F38-B3E6-8AEB73426CD0}.Debug|x64.Build.0 = Debug|Any CPU
		{BC81CB84-D44D-4F38-B3E6-8AEB73426CD0}.Debug|x86.ActiveCfg = Debug|Any CPU
		{BC81CB84-D44D-4F38-B3E6-8AEB73426CD0}.Debug|x86.Build.0 = Debug|Any CPU
		{BC81CB84-D44D-4F38-B3E6-8AEB73426CD0}.Release|Any CPU.ActiveCfg = Release|Any CPU
		{BC81CB84-D44D-4F38-B3E6-8AEB73426CD0}.Release|Any CPU.Build.0 = Release|Any CPU
		{BC81CB84-D44D-4F38-B3E6-8AEB73426CD0}.Release|x64.ActiveCfg = Release|Any CPU
		{BC81CB84-D44D-4F38-B3E6-8AEB73426CD0}.Release|x64.Build.0 = Release|Any CPU
		{BC81CB84-D44D-4F38-B3E6-8AEB73426CD0}.Release|x86.ActiveCfg = Release|Any CPU
		{BC81CB84-D44D-4F38-B3E6-8AEB73426CD0}.Release|x86.Build.0 = Release|Any CPU
		{E50C7AB1-6AC7-47DC-9672-033E55F1C239}.Debug|Any CPU.ActiveCfg = Debug|Any CPU
		{E50C7AB1-6AC7-47DC-9672-033E55F1C239}.Debug|Any CPU.Build.0 = Debug|Any CPU
		{E50C7AB1-6AC7-47DC-9672-033E55F1C239}.Debug|x64.ActiveCfg = Debug|Any CPU
		{E50C7AB1-6AC7-47DC-9672-033E55F1C239}.Debug|x64.Build.0 = Debug|Any CPU
		{E50C7AB1-6AC7-47DC-9672-033E55F1C239}.Debug|x86.ActiveCfg = Debug|Any CPU
		{E50C7AB1-6AC7-47DC-9672-033E55F1C239}.Debug|x86.Build.0 = Debug|Any CPU
		{E50C7AB1-6AC7-47DC-9672-033E55F1C239}.Release|Any CPU.ActiveCfg = Release|Any CPU
		{E50C7AB1-6AC7-47DC-9672-033E55F1C239}.Release|Any CPU.Build.0 = Release|Any CPU
		{E50C7AB1-6AC7-47DC-9672-033E55F1C239}.Release|x64.ActiveCfg = Release|Any CPU
		{E50C7AB1-6AC7-47DC-9672-033E55F1C239}.Release|x64.Build.0 = Release|Any CPU
		{E50C7AB1-6AC7-47DC-9672-033E55F1C239}.Release|x86.ActiveCfg = Release|Any CPU
		{E50C7AB1-6AC7-47DC-9672-033E55F1C239}.Release|x86.Build.0 = Release|Any CPU
		{4A2B4EC2-4A97-402A-B2C3-446FC12F3D59}.Debug|Any CPU.ActiveCfg = Debug|Any CPU
		{4A2B4EC2-4A97-402A-B2C3-446FC12F3D59}.Debug|Any CPU.Build.0 = Debug|Any CPU
		{4A2B4EC2-4A97-402A-B2C3-446FC12F3D59}.Debug|x64.ActiveCfg = Debug|Any CPU
		{4A2B4EC2-4A97-402A-B2C3-446FC12F3D59}.Debug|x64.Build.0 = Debug|Any CPU
		{4A2B4EC2-4A97-402A-B2C3-446FC12F3D59}.Debug|x86.ActiveCfg = Debug|Any CPU
		{4A2B4EC2-4A97-402A-B2C3-446FC12F3D59}.Debug|x86.Build.0 = Debug|Any CPU
		{4A2B4EC2-4A97-402A-B2C3-446FC12F3D59}.Release|Any CPU.ActiveCfg = Release|Any CPU
		{4A2B4EC2-4A97-402A-B2C3-446FC12F3D59}.Release|Any CPU.Build.0 = Release|Any CPU
		{4A2B4EC2-4A97-402A-B2C3-446FC12F3D59}.Release|x64.ActiveCfg = Release|Any CPU
		{4A2B4EC2-4A97-402A-B2C3-446FC12F3D59}.Release|x64.Build.0 = Release|Any CPU
		{4A2B4EC2-4A97-402A-B2C3-446FC12F3D59}.Release|x86.ActiveCfg = Release|Any CPU
		{4A2B4EC2-4A97-402A-B2C3-446FC12F3D59}.Release|x86.Build.0 = Release|Any CPU
		{4A61209E-1FB1-4DAE-9B17-1D75F86721DD}.Debug|Any CPU.ActiveCfg = Debug|Any CPU
		{4A61209E-1FB1-4DAE-9B17-1D75F86721DD}.Debug|Any CPU.Build.0 = Debug|Any CPU
		{4A61209E-1FB1-4DAE-9B17-1D75F86721DD}.Debug|x64.ActiveCfg = Debug|Any CPU
		{4A61209E-1FB1-4DAE-9B17-1D75F86721DD}.Debug|x64.Build.0 = Debug|Any CPU
		{4A61209E-1FB1-4DAE-9B17-1D75F86721DD}.Debug|x86.ActiveCfg = Debug|Any CPU
		{4A61209E-1FB1-4DAE-9B17-1D75F86721DD}.Debug|x86.Build.0 = Debug|Any CPU
		{4A61209E-1FB1-4DAE-9B17-1D75F86721DD}.Release|Any CPU.ActiveCfg = Release|Any CPU
		{4A61209E-1FB1-4DAE-9B17-1D75F86721DD}.Release|Any CPU.Build.0 = Release|Any CPU
		{4A61209E-1FB1-4DAE-9B17-1D75F86721DD}.Release|x64.ActiveCfg = Release|Any CPU
		{4A61209E-1FB1-4DAE-9B17-1D75F86721DD}.Release|x64.Build.0 = Release|Any CPU
		{4A61209E-1FB1-4DAE-9B17-1D75F86721DD}.Release|x86.ActiveCfg = Release|Any CPU
		{4A61209E-1FB1-4DAE-9B17-1D75F86721DD}.Release|x86.Build.0 = Release|Any CPU
		{3631B793-B03F-4ED3-8AFD-A393FFDAD646}.Debug|Any CPU.ActiveCfg = Debug|Any CPU
		{3631B793-B03F-4ED3-8AFD-A393FFDAD646}.Debug|Any CPU.Build.0 = Debug|Any CPU
		{3631B793-B03F-4ED3-8AFD-A393FFDAD646}.Debug|x64.ActiveCfg = Debug|Any CPU
		{3631B793-B03F-4ED3-8AFD-A393FFDAD646}.Debug|x64.Build.0 = Debug|Any CPU
		{3631B793-B03F-4ED3-8AFD-A393FFDAD646}.Debug|x86.ActiveCfg = Debug|Any CPU
		{3631B793-B03F-4ED3-8AFD-A393FFDAD646}.Debug|x86.Build.0 = Debug|Any CPU
		{3631B793-B03F-4ED3-8AFD-A393FFDAD646}.Release|Any CPU.ActiveCfg = Release|Any CPU
		{3631B793-B03F-4ED3-8AFD-A393FFDAD646}.Release|Any CPU.Build.0 = Release|Any CPU
		{3631B793-B03F-4ED3-8AFD-A393FFDAD646}.Release|x64.ActiveCfg = Release|Any CPU
		{3631B793-B03F-4ED3-8AFD-A393FFDAD646}.Release|x64.Build.0 = Release|Any CPU
		{3631B793-B03F-4ED3-8AFD-A393FFDAD646}.Release|x86.ActiveCfg = Release|Any CPU
		{3631B793-B03F-4ED3-8AFD-A393FFDAD646}.Release|x86.Build.0 = Release|Any CPU
		{C77C82D6-A1CE-4116-9B6F-BDE473925F75}.Debug|Any CPU.ActiveCfg = Debug|Any CPU
		{C77C82D6-A1CE-4116-9B6F-BDE473925F75}.Debug|Any CPU.Build.0 = Debug|Any CPU
		{C77C82D6-A1CE-4116-9B6F-BDE473925F75}.Debug|x64.ActiveCfg = Debug|Any CPU
		{C77C82D6-A1CE-4116-9B6F-BDE473925F75}.Debug|x64.Build.0 = Debug|Any CPU
		{C77C82D6-A1CE-4116-9B6F-BDE473925F75}.Debug|x86.ActiveCfg = Debug|Any CPU
		{C77C82D6-A1CE-4116-9B6F-BDE473925F75}.Debug|x86.Build.0 = Debug|Any CPU
		{C77C82D6-A1CE-4116-9B6F-BDE473925F75}.Release|Any CPU.ActiveCfg = Release|Any CPU
		{C77C82D6-A1CE-4116-9B6F-BDE473925F75}.Release|Any CPU.Build.0 = Release|Any CPU
		{C77C82D6-A1CE-4116-9B6F-BDE473925F75}.Release|x64.ActiveCfg = Release|Any CPU
		{C77C82D6-A1CE-4116-9B6F-BDE473925F75}.Release|x64.Build.0 = Release|Any CPU
		{C77C82D6-A1CE-4116-9B6F-BDE473925F75}.Release|x86.ActiveCfg = Release|Any CPU
		{C77C82D6-A1CE-4116-9B6F-BDE473925F75}.Release|x86.Build.0 = Release|Any CPU
	EndGlobalSection
	GlobalSection(SolutionProperties) = preSolution
		HideSolutionNode = FALSE
	EndGlobalSection
	GlobalSection(NestedProjects) = preSolution
		{F4C9C52F-5DEE-4DE8-98A1-E601738F92F0} = {0778CAF6-BFF1-423A-ADCB-A4FB057DA324}
		{5CE9F427-E7DF-42F0-8C7E-D4B72A9624ED} = {813B0279-5436-4D7C-A92A-CE72AF9649B2}
		{8A8306E2-93D0-4D11-A350-0F5A79F04440} = {0778CAF6-BFF1-423A-ADCB-A4FB057DA324}
		{84339BE5-E900-4BC1-9508-6A7FFC51F373} = {813B0279-5436-4D7C-A92A-CE72AF9649B2}
		{5A89AA16-9DB6-41CE-A3ED-37DE9D49B8F9} = {0778CAF6-BFF1-423A-ADCB-A4FB057DA324}
		{C1B59C1A-DA97-47AF-8E8B-EF645BA561AF} = {813B0279-5436-4D7C-A92A-CE72AF9649B2}
		{64AE2488-2E80-4066-85BF-90995F9BB54A} = {78BF17F2-DD7D-44EA-9D17-99F610033715}
		{BC81CB84-D44D-4F38-B3E6-8AEB73426CD0} = {813B0279-5436-4D7C-A92A-CE72AF9649B2}
		{E50C7AB1-6AC7-47DC-9672-033E55F1C239} = {78BF17F2-DD7D-44EA-9D17-99F610033715}
		{4A2B4EC2-4A97-402A-B2C3-446FC12F3D59} = {813B0279-5436-4D7C-A92A-CE72AF9649B2}
		{4A61209E-1FB1-4DAE-9B17-1D75F86721DD} = {78BF17F2-DD7D-44EA-9D17-99F610033715}
		{3631B793-B03F-4ED3-8AFD-A393FFDAD646} = {813B0279-5436-4D7C-A92A-CE72AF9649B2}
		{C77C82D6-A1CE-4116-9B6F-BDE473925F75} = {813B0279-5436-4D7C-A92A-CE72AF9649B2}
	EndGlobalSection
	GlobalSection(ExtensibilityGlobals) = postSolution
		SolutionGuid = {F285BA01-51D5-44CC-A652-9461C8C054D3}
	EndGlobalSection
EndGlobal
